// !$*UTF8*$!
{
	archiveVersion = 1;
	classes = {
	};
	objectVersion = 55;
	objects = {

/* Begin PBXBuildFile section */
		D1A1F1BC2875607C00F7F7EA /* PSPageControl.swift in Sources */ = {isa = PBXBuildFile; fileRef = D1A1F1A42875607C00F7F7EA /* PSPageControl.swift */; };
		D1A1F1BD2875607C00F7F7EA /* PSTextView.swift in Sources */ = {isa = PBXBuildFile; fileRef = D1A1F1A52875607C00F7F7EA /* PSTextView.swift */; };
		D1A1F1BE2875607C00F7F7EA /* PSImage.swift in Sources */ = {isa = PBXBuildFile; fileRef = D1A1F1A62875607C00F7F7EA /* PSImage.swift */; };
		D1A1F1BF2875607C00F7F7EA /* PSStackView.swift in Sources */ = {isa = PBXBuildFile; fileRef = D1A1F1A72875607C00F7F7EA /* PSStackView.swift */; };
		D1A1F1C42875607C00F7F7EA /* PSblock.swift in Sources */ = {isa = PBXBuildFile; fileRef = D1A1F1AD2875607C00F7F7EA /* PSblock.swift */; };
		D1A1F1C52875607C00F7F7EA /* Link.swift in Sources */ = {isa = PBXBuildFile; fileRef = D1A1F1AE2875607C00F7F7EA /* Link.swift */; };
		D1A1F1C62875607C00F7F7EA /* PSButton.swift in Sources */ = {isa = PBXBuildFile; fileRef = D1A1F1AF2875607C00F7F7EA /* PSButton.swift */; };
		D1A1F1C72875607C00F7F7EA /* PSScrollView.swift in Sources */ = {isa = PBXBuildFile; fileRef = D1A1F1B02875607C00F7F7EA /* PSScrollView.swift */; };
		D1A1F1C82875607C00F7F7EA /* PSLabel.swift in Sources */ = {isa = PBXBuildFile; fileRef = D1A1F1B12875607C00F7F7EA /* PSLabel.swift */; };
		D1A1F1C92875607C00F7F7EA /* PSFont.swift in Sources */ = {isa = PBXBuildFile; fileRef = D1A1F1B22875607C00F7F7EA /* PSFont.swift */; };
		D1A1F1CA2875607C00F7F7EA /* LinkCompatible.swift in Sources */ = {isa = PBXBuildFile; fileRef = D1A1F1B32875607C00F7F7EA /* LinkCompatible.swift */; };
		D1A1F1CB2875607C00F7F7EA /* PSColor.swift in Sources */ = {isa = PBXBuildFile; fileRef = D1A1F1B42875607C00F7F7EA /* PSColor.swift */; };
		D1A1F1CC2875607C00F7F7EA /* PSView.swift in Sources */ = {isa = PBXBuildFile; fileRef = D1A1F1B52875607C00F7F7EA /* PSView.swift */; };
		D1A1F1CD2875607C00F7F7EA /* PSTableView.swift in Sources */ = {isa = PBXBuildFile; fileRef = D1A1F1B62875607C00F7F7EA /* PSTableView.swift */; };
		D1A1F1CE2875607C00F7F7EA /* PSTextField.swift in Sources */ = {isa = PBXBuildFile; fileRef = D1A1F1B72875607C00F7F7EA /* PSTextField.swift */; };
		D1A1F1CF2875607C00F7F7EA /* PSCollectionView.swift in Sources */ = {isa = PBXBuildFile; fileRef = D1A1F1B82875607C00F7F7EA /* PSCollectionView.swift */; };
		D1A1F1D02875607C00F7F7EA /* PSAttributedString.swift in Sources */ = {isa = PBXBuildFile; fileRef = D1A1F1B92875607C00F7F7EA /* PSAttributedString.swift */; };
		D1A1F1D12875607C00F7F7EA /* PSImageView.swift in Sources */ = {isa = PBXBuildFile; fileRef = D1A1F1BA2875607C00F7F7EA /* PSImageView.swift */; };
		D1A1F1D22875607C00F7F7EA /* PSControl.swift in Sources */ = {isa = PBXBuildFile; fileRef = D1A1F1BB2875607C00F7F7EA /* PSControl.swift */; };
		D1A1F1D42875608800F7F7EA /* FlowerCocoa.podspec in Resources */ = {isa = PBXBuildFile; fileRef = D1A1F1D32875608800F7F7EA /* FlowerCocoa.podspec */; };
		D1A1F1E52875678700F7F7EA /* UIButton+Hex.swift in Sources */ = {isa = PBXBuildFile; fileRef = D1A1F1E12875678700F7F7EA /* UIButton+Hex.swift */; };
		D1A1F1E62875678700F7F7EA /* UIColor+Hex.swift in Sources */ = {isa = PBXBuildFile; fileRef = D1A1F1E22875678700F7F7EA /* UIColor+Hex.swift */; };
		D1A1F1E72875678700F7F7EA /* UIImage+Hex.swift in Sources */ = {isa = PBXBuildFile; fileRef = D1A1F1E32875678700F7F7EA /* UIImage+Hex.swift */; };
/* End PBXBuildFile section */

/* Begin PBXFileReference section */
		D1A1F1992875603700F7F7EA /* FlowerCocoa.framework */ = {isa = PBXFileReference; explicitFileType = wrapper.framework; includeInIndex = 0; path = FlowerCocoa.framework; sourceTree = BUILT_PRODUCTS_DIR; };
		D1A1F1A42875607C00F7F7EA /* PSPageControl.swift */ = {isa = PBXFileReference; fileEncoding = 4; lastKnownFileType = sourcecode.swift; path = PSPageControl.swift; sourceTree = "<group>"; };
		D1A1F1A52875607C00F7F7EA /* PSTextView.swift */ = {isa = PBXFileReference; fileEncoding = 4; lastKnownFileType = sourcecode.swift; path = PSTextView.swift; sourceTree = "<group>"; };
		D1A1F1A62875607C00F7F7EA /* PSImage.swift */ = {isa = PBXFileReference; fileEncoding = 4; lastKnownFileType = sourcecode.swift; path = PSImage.swift; sourceTree = "<group>"; };
		D1A1F1A72875607C00F7F7EA /* PSStackView.swift */ = {isa = PBXFileReference; fileEncoding = 4; lastKnownFileType = sourcecode.swift; path = PSStackView.swift; sourceTree = "<group>"; };
		D1A1F1AD2875607C00F7F7EA /* PSblock.swift */ = {isa = PBXFileReference; fileEncoding = 4; lastKnownFileType = sourcecode.swift; path = PSblock.swift; sourceTree = "<group>"; };
		D1A1F1AE2875607C00F7F7EA /* Link.swift */ = {isa = PBXFileReference; fileEncoding = 4; lastKnownFileType = sourcecode.swift; path = Link.swift; sourceTree = "<group>"; };
		D1A1F1AF2875607C00F7F7EA /* PSButton.swift */ = {isa = PBXFileReference; fileEncoding = 4; lastKnownFileType = sourcecode.swift; path = PSButton.swift; sourceTree = "<group>"; };
		D1A1F1B02875607C00F7F7EA /* PSScrollView.swift */ = {isa = PBXFileReference; fileEncoding = 4; lastKnownFileType = sourcecode.swift; path = PSScrollView.swift; sourceTree = "<group>"; };
		D1A1F1B12875607C00F7F7EA /* PSLabel.swift */ = {isa = PBXFileReference; fileEncoding = 4; lastKnownFileType = sourcecode.swift; path = PSLabel.swift; sourceTree = "<group>"; };
		D1A1F1B22875607C00F7F7EA /* PSFont.swift */ = {isa = PBXFileReference; fileEncoding = 4; lastKnownFileType = sourcecode.swift; path = PSFont.swift; sourceTree = "<group>"; };
		D1A1F1B32875607C00F7F7EA /* LinkCompatible.swift */ = {isa = PBXFileReference; fileEncoding = 4; lastKnownFileType = sourcecode.swift; path = LinkCompatible.swift; sourceTree = "<group>"; };
		D1A1F1B42875607C00F7F7EA /* PSColor.swift */ = {isa = PBXFileReference; fileEncoding = 4; lastKnownFileType = sourcecode.swift; path = PSColor.swift; sourceTree = "<group>"; };
		D1A1F1B52875607C00F7F7EA /* PSView.swift */ = {isa = PBXFileReference; fileEncoding = 4; lastKnownFileType = sourcecode.swift; path = PSView.swift; sourceTree = "<group>"; };
		D1A1F1B62875607C00F7F7EA /* PSTableView.swift */ = {isa = PBXFileReference; fileEncoding = 4; lastKnownFileType = sourcecode.swift; path = PSTableView.swift; sourceTree = "<group>"; };
		D1A1F1B72875607C00F7F7EA /* PSTextField.swift */ = {isa = PBXFileReference; fileEncoding = 4; lastKnownFileType = sourcecode.swift; path = PSTextField.swift; sourceTree = "<group>"; };
		D1A1F1B82875607C00F7F7EA /* PSCollectionView.swift */ = {isa = PBXFileReference; fileEncoding = 4; lastKnownFileType = sourcecode.swift; path = PSCollectionView.swift; sourceTree = "<group>"; };
		D1A1F1B92875607C00F7F7EA /* PSAttributedString.swift */ = {isa = PBXFileReference; fileEncoding = 4; lastKnownFileType = sourcecode.swift; path = PSAttributedString.swift; sourceTree = "<group>"; };
		D1A1F1BA2875607C00F7F7EA /* PSImageView.swift */ = {isa = PBXFileReference; fileEncoding = 4; lastKnownFileType = sourcecode.swift; path = PSImageView.swift; sourceTree = "<group>"; };
		D1A1F1BB2875607C00F7F7EA /* PSControl.swift */ = {isa = PBXFileReference; fileEncoding = 4; lastKnownFileType = sourcecode.swift; path = PSControl.swift; sourceTree = "<group>"; };
		D1A1F1D32875608800F7F7EA /* FlowerCocoa.podspec */ = {isa = PBXFileReference; fileEncoding = 4; lastKnownFileType = text; path = FlowerCocoa.podspec; sourceTree = "<group>"; xcLanguageSpecificationIdentifier = xcode.lang.ruby; };
		D1A1F1E12875678700F7F7EA /* UIButton+Hex.swift */ = {isa = PBXFileReference; fileEncoding = 4; lastKnownFileType = sourcecode.swift; path = "UIButton+Hex.swift"; sourceTree = "<group>"; };
		D1A1F1E22875678700F7F7EA /* UIColor+Hex.swift */ = {isa = PBXFileReference; fileEncoding = 4; lastKnownFileType = sourcecode.swift; path = "UIColor+Hex.swift"; sourceTree = "<group>"; };
		D1A1F1E32875678700F7F7EA /* UIImage+Hex.swift */ = {isa = PBXFileReference; fileEncoding = 4; lastKnownFileType = sourcecode.swift; path = "UIImage+Hex.swift"; sourceTree = "<group>"; };
/* End PBXFileReference section */

/* Begin PBXFrameworksBuildPhase section */
		D1A1F1962875603700F7F7EA /* Frameworks */ = {
			isa = PBXFrameworksBuildPhase;
			buildActionMask = 2147483647;
			files = (
			);
			runOnlyForDeploymentPostprocessing = 0;
		};
/* End PBXFrameworksBuildPhase section */

/* Begin PBXGroup section */
		D1A1F18F2875603700F7F7EA = {
			isa = PBXGroup;
			children = (
				D1A1F1D32875608800F7F7EA /* FlowerCocoa.podspec */,
				D1A1F1A32875607C00F7F7EA /* Source */,
				D1A1F19A2875603700F7F7EA /* Products */,
			);
			sourceTree = "<group>";
		};
		D1A1F19A2875603700F7F7EA /* Products */ = {
			isa = PBXGroup;
			children = (
				D1A1F1992875603700F7F7EA /* FlowerCocoa.framework */,
			);
			name = Products;
			sourceTree = "<group>";
		};
		D1A1F1A32875607C00F7F7EA /* Source */ = {
			isa = PBXGroup;
			children = (
				D1A1F1EB28756DA200F7F7EA /* Extension */,
				D1A1F1AE2875607C00F7F7EA /* Link.swift */,
				D1A1F1B32875607C00F7F7EA /* LinkCompatible.swift */,
				D1A1F1A42875607C00F7F7EA /* PSPageControl.swift */,
				D1A1F1A52875607C00F7F7EA /* PSTextView.swift */,
				D1A1F1A62875607C00F7F7EA /* PSImage.swift */,
				D1A1F1BA2875607C00F7F7EA /* PSImageView.swift */,
				D1A1F1A72875607C00F7F7EA /* PSStackView.swift */,
				D1A1F1AD2875607C00F7F7EA /* PSblock.swift */,
				D1A1F1AF2875607C00F7F7EA /* PSButton.swift */,
				D1A1F1B02875607C00F7F7EA /* PSScrollView.swift */,
				D1A1F1B12875607C00F7F7EA /* PSLabel.swift */,
				D1A1F1B22875607C00F7F7EA /* PSFont.swift */,
				D1A1F1B42875607C00F7F7EA /* PSColor.swift */,
				D1A1F1B52875607C00F7F7EA /* PSView.swift */,
				D1A1F1B62875607C00F7F7EA /* PSTableView.swift */,
				D1A1F1B72875607C00F7F7EA /* PSTextField.swift */,
				D1A1F1B82875607C00F7F7EA /* PSCollectionView.swift */,
				D1A1F1B92875607C00F7F7EA /* PSAttributedString.swift */,
				D1A1F1BB2875607C00F7F7EA /* PSControl.swift */,
			);
			path = Source;
			sourceTree = "<group>";
		};
		D1A1F1EB28756DA200F7F7EA /* Extension */ = {
			isa = PBXGroup;
			children = (
				D1A1F1E12875678700F7F7EA /* UIButton+Hex.swift */,
				D1A1F1E22875678700F7F7EA /* UIColor+Hex.swift */,
				D1A1F1E32875678700F7F7EA /* UIImage+Hex.swift */,
			);
			name = Extension;
			sourceTree = "<group>";
		};
/* End PBXGroup section */

/* Begin PBXHeadersBuildPhase section */
		D1A1F1942875603700F7F7EA /* Headers */ = {
			isa = PBXHeadersBuildPhase;
			buildActionMask = 2147483647;
			files = (
			);
			runOnlyForDeploymentPostprocessing = 0;
		};
/* End PBXHeadersBuildPhase section */

/* Begin PBXNativeTarget section */
		D1A1F1982875603700F7F7EA /* FlowerCocoa */ = {
			isa = PBXNativeTarget;
			buildConfigurationList = D1A1F1A02875603700F7F7EA /* Build configuration list for PBXNativeTarget "FlowerCocoa" */;
			buildPhases = (
				D1A1F1942875603700F7F7EA /* Headers */,
				D1A1F1952875603700F7F7EA /* Sources */,
				D1A1F1962875603700F7F7EA /* Frameworks */,
				D1A1F1972875603700F7F7EA /* Resources */,
			);
			buildRules = (
			);
			dependencies = (
			);
			name = FlowerCocoa;
			productName = FlowerCocoa;
			productReference = D1A1F1992875603700F7F7EA /* FlowerCocoa.framework */;
			productType = "com.apple.product-type.framework";
		};
/* End PBXNativeTarget section */

/* Begin PBXProject section */
		D1A1F1902875603700F7F7EA /* Project object */ = {
			isa = PBXProject;
			attributes = {
				BuildIndependentTargetsInParallel = 1;
				LastUpgradeCheck = 1330;
				TargetAttributes = {
					D1A1F1982875603700F7F7EA = {
						CreatedOnToolsVersion = 13.3.1;
					};
				};
			};
			buildConfigurationList = D1A1F1932875603700F7F7EA /* Build configuration list for PBXProject "FlowerCocoa" */;
			compatibilityVersion = "Xcode 13.0";
			developmentRegion = en;
			hasScannedForEncodings = 0;
			knownRegions = (
				en,
				Base,
			);
			mainGroup = D1A1F18F2875603700F7F7EA;
			productRefGroup = D1A1F19A2875603700F7F7EA /* Products */;
			projectDirPath = "";
			projectRoot = "";
			targets = (
				D1A1F1982875603700F7F7EA /* FlowerCocoa */,
			);
		};
/* End PBXProject section */

/* Begin PBXResourcesBuildPhase section */
		D1A1F1972875603700F7F7EA /* Resources */ = {
			isa = PBXResourcesBuildPhase;
			buildActionMask = 2147483647;
			files = (
				D1A1F1D42875608800F7F7EA /* FlowerCocoa.podspec in Resources */,
			);
			runOnlyForDeploymentPostprocessing = 0;
		};
/* End PBXResourcesBuildPhase section */

/* Begin PBXSourcesBuildPhase section */
		D1A1F1952875603700F7F7EA /* Sources */ = {
			isa = PBXSourcesBuildPhase;
			buildActionMask = 2147483647;
			files = (
				D1A1F1E62875678700F7F7EA /* UIColor+Hex.swift in Sources */,
				D1A1F1D22875607C00F7F7EA /* PSControl.swift in Sources */,
				D1A1F1C82875607C00F7F7EA /* PSLabel.swift in Sources */,
				D1A1F1BF2875607C00F7F7EA /* PSStackView.swift in Sources */,
				D1A1F1C72875607C00F7F7EA /* PSScrollView.swift in Sources */,
				D1A1F1E72875678700F7F7EA /* UIImage+Hex.swift in Sources */,
				D1A1F1C62875607C00F7F7EA /* PSButton.swift in Sources */,
				D1A1F1BD2875607C00F7F7EA /* PSTextView.swift in Sources */,
				D1A1F1CA2875607C00F7F7EA /* LinkCompatible.swift in Sources */,
				D1A1F1D02875607C00F7F7EA /* PSAttributedString.swift in Sources */,
				D1A1F1CC2875607C00F7F7EA /* PSView.swift in Sources */,
				D1A1F1CB2875607C00F7F7EA /* PSColor.swift in Sources */,
				D1A1F1C92875607C00F7F7EA /* PSFont.swift in Sources */,
				D1A1F1BE2875607C00F7F7EA /* PSImage.swift in Sources */,
				D1A1F1D12875607C00F7F7EA /* PSImageView.swift in Sources */,
				D1A1F1CE2875607C00F7F7EA /* PSTextField.swift in Sources */,
				D1A1F1CD2875607C00F7F7EA /* PSTableView.swift in Sources */,
				D1A1F1C42875607C00F7F7EA /* PSblock.swift in Sources */,
				D1A1F1BC2875607C00F7F7EA /* PSPageControl.swift in Sources */,
				D1A1F1C52875607C00F7F7EA /* Link.swift in Sources */,
				D1A1F1CF2875607C00F7F7EA /* PSCollectionView.swift in Sources */,
				D1A1F1E52875678700F7F7EA /* UIButton+Hex.swift in Sources */,
			);
			runOnlyForDeploymentPostprocessing = 0;
		};
/* End PBXSourcesBuildPhase section */

/* Begin XCBuildConfiguration section */
		D1A1F19E2875603700F7F7EA /* Debug */ = {
			isa = XCBuildConfiguration;
			buildSettings = {
				ALWAYS_SEARCH_USER_PATHS = NO;
				CLANG_ANALYZER_NONNULL = YES;
				CLANG_ANALYZER_NUMBER_OBJECT_CONVERSION = YES_AGGRESSIVE;
				CLANG_CXX_LANGUAGE_STANDARD = "gnu++17";
				CLANG_ENABLE_MODULES = YES;
				CLANG_ENABLE_OBJC_ARC = YES;
				CLANG_ENABLE_OBJC_WEAK = YES;
				CLANG_WARN_BLOCK_CAPTURE_AUTORELEASING = YES;
				CLANG_WARN_BOOL_CONVERSION = YES;
				CLANG_WARN_COMMA = YES;
				CLANG_WARN_CONSTANT_CONVERSION = YES;
				CLANG_WARN_DEPRECATED_OBJC_IMPLEMENTATIONS = YES;
				CLANG_WARN_DIRECT_OBJC_ISA_USAGE = YES_ERROR;
				CLANG_WARN_DOCUMENTATION_COMMENTS = YES;
				CLANG_WARN_EMPTY_BODY = YES;
				CLANG_WARN_ENUM_CONVERSION = YES;
				CLANG_WARN_INFINITE_RECURSION = YES;
				CLANG_WARN_INT_CONVERSION = YES;
				CLANG_WARN_NON_LITERAL_NULL_CONVERSION = YES;
				CLANG_WARN_OBJC_IMPLICIT_RETAIN_SELF = YES;
				CLANG_WARN_OBJC_LITERAL_CONVERSION = YES;
				CLANG_WARN_OBJC_ROOT_CLASS = YES_ERROR;
				CLANG_WARN_QUOTED_INCLUDE_IN_FRAMEWORK_HEADER = YES;
				CLANG_WARN_RANGE_LOOP_ANALYSIS = YES;
				CLANG_WARN_STRICT_PROTOTYPES = YES;
				CLANG_WARN_SUSPICIOUS_MOVE = YES;
				CLANG_WARN_UNGUARDED_AVAILABILITY = YES_AGGRESSIVE;
				CLANG_WARN_UNREACHABLE_CODE = YES;
				CLANG_WARN__DUPLICATE_METHOD_MATCH = YES;
				COPY_PHASE_STRIP = NO;
				CURRENT_PROJECT_VERSION = 1;
				DEBUG_INFORMATION_FORMAT = dwarf;
				ENABLE_STRICT_OBJC_MSGSEND = YES;
				ENABLE_TESTABILITY = YES;
				GCC_C_LANGUAGE_STANDARD = gnu11;
				GCC_DYNAMIC_NO_PIC = NO;
				GCC_NO_COMMON_BLOCKS = YES;
				GCC_OPTIMIZATION_LEVEL = 0;
				GCC_PREPROCESSOR_DEFINITIONS = (
					"DEBUG=1",
					"$(inherited)",
				);
				GCC_WARN_64_TO_32_BIT_CONVERSION = YES;
				GCC_WARN_ABOUT_RETURN_TYPE = YES_ERROR;
				GCC_WARN_UNDECLARED_SELECTOR = YES;
				GCC_WARN_UNINITIALIZED_AUTOS = YES_AGGRESSIVE;
				GCC_WARN_UNUSED_FUNCTION = YES;
				GCC_WARN_UNUSED_VARIABLE = YES;
				IPHONEOS_DEPLOYMENT_TARGET = 15.4;
				MTL_ENABLE_DEBUG_INFO = INCLUDE_SOURCE;
				MTL_FAST_MATH = YES;
				ONLY_ACTIVE_ARCH = YES;
				SDKROOT = iphoneos;
				SWIFT_ACTIVE_COMPILATION_CONDITIONS = DEBUG;
				SWIFT_OPTIMIZATION_LEVEL = "-Onone";
				VERSIONING_SYSTEM = "apple-generic";
				VERSION_INFO_PREFIX = "";
			};
			name = Debug;
		};
		D1A1F19F2875603700F7F7EA /* Release */ = {
			isa = XCBuildConfiguration;
			buildSettings = {
				ALWAYS_SEARCH_USER_PATHS = NO;
				CLANG_ANALYZER_NONNULL = YES;
				CLANG_ANALYZER_NUMBER_OBJECT_CONVERSION = YES_AGGRESSIVE;
				CLANG_CXX_LANGUAGE_STANDARD = "gnu++17";
				CLANG_ENABLE_MODULES = YES;
				CLANG_ENABLE_OBJC_ARC = YES;
				CLANG_ENABLE_OBJC_WEAK = YES;
				CLANG_WARN_BLOCK_CAPTURE_AUTORELEASING = YES;
				CLANG_WARN_BOOL_CONVERSION = YES;
				CLANG_WARN_COMMA = YES;
				CLANG_WARN_CONSTANT_CONVERSION = YES;
				CLANG_WARN_DEPRECATED_OBJC_IMPLEMENTATIONS = YES;
				CLANG_WARN_DIRECT_OBJC_ISA_USAGE = YES_ERROR;
				CLANG_WARN_DOCUMENTATION_COMMENTS = YES;
				CLANG_WARN_EMPTY_BODY = YES;
				CLANG_WARN_ENUM_CONVERSION = YES;
				CLANG_WARN_INFINITE_RECURSION = YES;
				CLANG_WARN_INT_CONVERSION = YES;
				CLANG_WARN_NON_LITERAL_NULL_CONVERSION = YES;
				CLANG_WARN_OBJC_IMPLICIT_RETAIN_SELF = YES;
				CLANG_WARN_OBJC_LITERAL_CONVERSION = YES;
				CLANG_WARN_OBJC_ROOT_CLASS = YES_ERROR;
				CLANG_WARN_QUOTED_INCLUDE_IN_FRAMEWORK_HEADER = YES;
				CLANG_WARN_RANGE_LOOP_ANALYSIS = YES;
				CLANG_WARN_STRICT_PROTOTYPES = YES;
				CLANG_WARN_SUSPICIOUS_MOVE = YES;
				CLANG_WARN_UNGUARDED_AVAILABILITY = YES_AGGRESSIVE;
				CLANG_WARN_UNREACHABLE_CODE = YES;
				CLANG_WARN__DUPLICATE_METHOD_MATCH = YES;
				COPY_PHASE_STRIP = NO;
				CURRENT_PROJECT_VERSION = 1;
				DEBUG_INFORMATION_FORMAT = "dwarf-with-dsym";
				ENABLE_NS_ASSERTIONS = NO;
				ENABLE_STRICT_OBJC_MSGSEND = YES;
				GCC_C_LANGUAGE_STANDARD = gnu11;
				GCC_NO_COMMON_BLOCKS = YES;
				GCC_WARN_64_TO_32_BIT_CONVERSION = YES;
				GCC_WARN_ABOUT_RETURN_TYPE = YES_ERROR;
				GCC_WARN_UNDECLARED_SELECTOR = YES;
				GCC_WARN_UNINITIALIZED_AUTOS = YES_AGGRESSIVE;
				GCC_WARN_UNUSED_FUNCTION = YES;
				GCC_WARN_UNUSED_VARIABLE = YES;
				IPHONEOS_DEPLOYMENT_TARGET = 15.4;
				MTL_ENABLE_DEBUG_INFO = NO;
				MTL_FAST_MATH = YES;
				SDKROOT = iphoneos;
				SWIFT_COMPILATION_MODE = wholemodule;
				SWIFT_OPTIMIZATION_LEVEL = "-O";
				VALIDATE_PRODUCT = YES;
				VERSIONING_SYSTEM = "apple-generic";
				VERSION_INFO_PREFIX = "";
			};
			name = Release;
		};
		D1A1F1A12875603700F7F7EA /* Debug */ = {
			isa = XCBuildConfiguration;
			buildSettings = {
				CODE_SIGN_STYLE = Automatic;
				CURRENT_PROJECT_VERSION = 1;
				DEFINES_MODULE = YES;
				DYLIB_COMPATIBILITY_VERSION = 1;
				DYLIB_CURRENT_VERSION = 1;
				DYLIB_INSTALL_NAME_BASE = "@rpath";
				GENERATE_INFOPLIST_FILE = YES;
				INFOPLIST_KEY_NSHumanReadableCopyright = "";
				INSTALL_PATH = "$(LOCAL_LIBRARY_DIR)/Frameworks";
				IPHONEOS_DEPLOYMENT_TARGET = 9.0;
				LD_RUNPATH_SEARCH_PATHS = (
					"$(inherited)",
					"@executable_path/Frameworks",
					"@loader_path/Frameworks",
				);
				MACH_O_TYPE = staticlib;
				MARKETING_VERSION = 1.0;
				ONLY_ACTIVE_ARCH = NO;
				PRODUCT_BUNDLE_IDENTIFIER = com.marst123.china.FlowerCocoa;
				PRODUCT_NAME = "$(TARGET_NAME:c99extidentifier)";
				SKIP_INSTALL = YES;
				SUPPORTS_MACCATALYST = NO;
				SWIFT_EMIT_LOC_STRINGS = YES;
				SWIFT_VERSION = 5.0;
				TARGETED_DEVICE_FAMILY = "1,2";
			};
			name = Debug;
		};
		D1A1F1A22875603700F7F7EA /* Release */ = {
			isa = XCBuildConfiguration;
			buildSettings = {
				CODE_SIGN_STYLE = Automatic;
				CURRENT_PROJECT_VERSION = 1;
				DEFINES_MODULE = YES;
				DYLIB_COMPATIBILITY_VERSION = 1;
				DYLIB_CURRENT_VERSION = 1;
				DYLIB_INSTALL_NAME_BASE = "@rpath";
				GENERATE_INFOPLIST_FILE = YES;
				INFOPLIST_KEY_NSHumanReadableCopyright = "";
				INSTALL_PATH = "$(LOCAL_LIBRARY_DIR)/Frameworks";
				IPHONEOS_DEPLOYMENT_TARGET = 9.0;
				LD_RUNPATH_SEARCH_PATHS = (
					"$(inherited)",
					"@executable_path/Frameworks",
					"@loader_path/Frameworks",
				);
				MACH_O_TYPE = staticlib;
				MARKETING_VERSION = 1.0;
				ONLY_ACTIVE_ARCH = NO;
				PRODUCT_BUNDLE_IDENTIFIER = com.marst123.china.FlowerCocoa;
				PRODUCT_NAME = "$(TARGET_NAME:c99extidentifier)";
				SKIP_INSTALL = YES;
				SUPPORTS_MACCATALYST = NO;
				SWIFT_EMIT_LOC_STRINGS = YES;
				SWIFT_VERSION = 5.0;
				TARGETED_DEVICE_FAMILY = "1,2";
			};
			name = Release;
		};
/* End XCBuildConfiguration section */

/* Begin XCConfigurationList section */
		D1A1F1932875603700F7F7EA /* Build configuration list for PBXProject "FlowerCocoa" */ = {
			isa = XCConfigurationList;
			buildConfigurations = (
				D1A1F19E2875603700F7F7EA /* Debug */,
				D1A1F19F2875603700F7F7EA /* Release */,
			);
			defaultConfigurationIsVisible = 0;
			defaultConfigurationName = Release;
		};
		D1A1F1A02875603700F7F7EA /* Build configuration list for PBXNativeTarget "FlowerCocoa" */ = {
			isa = XCConfigurationList;
			buildConfigurations = (
				D1A1F1A12875603700F7F7EA /* Debug */,
				D1A1F1A22875603700F7F7EA /* Release */,
			);
			defaultConfigurationIsVisible = 0;
			defaultConfigurationName = Release;
		};
/* End XCConfigurationList section */
	};
	rootObject = D1A1F1902875603700F7F7EA /* Project object */;
}
